// !$*UTF8*$!
{
	archiveVersion = 1;
	classes = {
	};
	objectVersion = 55;
	objects = {

/* Begin PBXBuildFile section */
		081944A65D8614C8EA280C62 /* Pods_StopwatchTimer.framework in Frameworks */ = {isa = PBXBuildFile; fileRef = CF1014F5D38C0D49BABBABA9 /* Pods_StopwatchTimer.framework */; };
		34897E6D27A1D6C5006F6BDE /* AppDelegate.swift in Sources */ = {isa = PBXBuildFile; fileRef = 34897E6C27A1D6C5006F6BDE /* AppDelegate.swift */; };
		34897E6F27A1D6C5006F6BDE /* SceneDelegate.swift in Sources */ = {isa = PBXBuildFile; fileRef = 34897E6E27A1D6C5006F6BDE /* SceneDelegate.swift */; };
		34897E7127A1D6C5006F6BDE /* ViewController.swift in Sources */ = {isa = PBXBuildFile; fileRef = 34897E7027A1D6C5006F6BDE /* ViewController.swift */; };
		34897E7427A1D6C5006F6BDE /* Main.storyboard in Resources */ = {isa = PBXBuildFile; fileRef = 34897E7227A1D6C5006F6BDE /* Main.storyboard */; };
		34897E7627A1D6C8006F6BDE /* Assets.xcassets in Resources */ = {isa = PBXBuildFile; fileRef = 34897E7527A1D6C8006F6BDE /* Assets.xcassets */; };
		34897E7927A1D6C8006F6BDE /* LaunchScreen.storyboard in Resources */ = {isa = PBXBuildFile; fileRef = 34897E7727A1D6C8006F6BDE /* LaunchScreen.storyboard */; };
/* End PBXBuildFile section */

/* Begin PBXFileReference section */
		34897E6927A1D6C5006F6BDE /* StopwatchTimer.app */ = {isa = PBXFileReference; explicitFileType = wrapper.application; includeInIndex = 0; path = StopwatchTimer.app; sourceTree = BUILT_PRODUCTS_DIR; };
		34897E6C27A1D6C5006F6BDE /* AppDelegate.swift */ = {isa = PBXFileReference; lastKnownFileType = sourcecode.swift; path = AppDelegate.swift; sourceTree = "<group>"; };
		34897E6E27A1D6C5006F6BDE /* SceneDelegate.swift */ = {isa = PBXFileReference; lastKnownFileType = sourcecode.swift; path = SceneDelegate.swift; sourceTree = "<group>"; };
		34897E7027A1D6C5006F6BDE /* ViewController.swift */ = {isa = PBXFileReference; lastKnownFileType = sourcecode.swift; path = ViewController.swift; sourceTree = "<group>"; };
		34897E7327A1D6C5006F6BDE /* Base */ = {isa = PBXFileReference; lastKnownFileType = file.storyboard; name = Base; path = Base.lproj/Main.storyboard; sourceTree = "<group>"; };
		34897E7527A1D6C8006F6BDE /* Assets.xcassets */ = {isa = PBXFileReference; lastKnownFileType = folder.assetcatalog; path = Assets.xcassets; sourceTree = "<group>"; };
		34897E7827A1D6C8006F6BDE /* Base */ = {isa = PBXFileReference; lastKnownFileType = file.storyboard; name = Base; path = Base.lproj/LaunchScreen.storyboard; sourceTree = "<group>"; };
		34897E7A27A1D6C8006F6BDE /* Info.plist */ = {isa = PBXFileReference; lastKnownFileType = text.plist.xml; path = Info.plist; sourceTree = "<group>"; };
		CF1014F5D38C0D49BABBABA9 /* Pods_StopwatchTimer.framework */ = {isa = PBXFileReference; explicitFileType = wrapper.framework; includeInIndex = 0; path = Pods_StopwatchTimer.framework; sourceTree = BUILT_PRODUCTS_DIR; };
		D96804C8695700AD287887E2 /* Pods-StopwatchTimer.release.xcconfig */ = {isa = PBXFileReference; includeInIndex = 1; lastKnownFileType = text.xcconfig; name = "Pods-StopwatchTimer.release.xcconfig"; path = "Target Support Files/Pods-StopwatchTimer/Pods-StopwatchTimer.release.xcconfig"; sourceTree = "<group>"; };
		F7F30693D9CEF6E86F13D65D /* Pods-StopwatchTimer.debug.xcconfig */ = {isa = PBXFileReference; includeInIndex = 1; lastKnownFileType = text.xcconfig; name = "Pods-StopwatchTimer.debug.xcconfig"; path = "Target Support Files/Pods-StopwatchTimer/Pods-StopwatchTimer.debug.xcconfig"; sourceTree = "<group>"; };
/* End PBXFileReference section */

/* Begin PBXFrameworksBuildPhase section */
		34897E6627A1D6C5006F6BDE /* Frameworks */ = {
			isa = PBXFrameworksBuildPhase;
			buildActionMask = 2147483647;
			files = (
				081944A65D8614C8EA280C62 /* Pods_StopwatchTimer.framework in Frameworks */,
			);
			runOnlyForDeploymentPostprocessing = 0;
		};
/* End PBXFrameworksBuildPhase section */

/* Begin PBXGroup section */
		34897E6027A1D6C5006F6BDE = {
			isa = PBXGroup;
			children = (
				34897E6B27A1D6C5006F6BDE /* StopwatchTimer */,
				34897E6A27A1D6C5006F6BDE /* Products */,
				A72D8970F0ADA567685C1701 /* Pods */,
				72DD6291C38DA578956C8B1F /* Frameworks */,
			);
			sourceTree = "<group>";
		};
		34897E6A27A1D6C5006F6BDE /* Products */ = {
			isa = PBXGroup;
			children = (
				34897E6927A1D6C5006F6BDE /* StopwatchTimer.app */,
			);
			name = Products;
			sourceTree = "<group>";
		};
		34897E6B27A1D6C5006F6BDE /* StopwatchTimer */ = {
			isa = PBXGroup;
			children = (
				34897E6C27A1D6C5006F6BDE /* AppDelegate.swift */,
				34897E6E27A1D6C5006F6BDE /* SceneDelegate.swift */,
				34897E7027A1D6C5006F6BDE /* ViewController.swift */,
				34897E7227A1D6C5006F6BDE /* Main.storyboard */,
				34897E7527A1D6C8006F6BDE /* Assets.xcassets */,
				34897E7727A1D6C8006F6BDE /* LaunchScreen.storyboard */,
				34897E7A27A1D6C8006F6BDE /* Info.plist */,
			);
			path = StopwatchTimer;
			sourceTree = "<group>";
		};
		72DD6291C38DA578956C8B1F /* Frameworks */ = {
			isa = PBXGroup;
			children = (
				CF1014F5D38C0D49BABBABA9 /* Pods_StopwatchTimer.framework */,
			);
			name = Frameworks;
			sourceTree = "<group>";
		};
		A72D8970F0ADA567685C1701 /* Pods */ = {
			isa = PBXGroup;
			children = (
				F7F30693D9CEF6E86F13D65D /* Pods-StopwatchTimer.debug.xcconfig */,
				D96804C8695700AD287887E2 /* Pods-StopwatchTimer.release.xcconfig */,
			);
			name = Pods;
			path = Pods;
			sourceTree = "<group>";
		};
/* End PBXGroup section */

/* Begin PBXNativeTarget section */
		34897E6827A1D6C5006F6BDE /* StopwatchTimer */ = {
			isa = PBXNativeTarget;
			buildConfigurationList = 34897E7D27A1D6C8006F6BDE /* Build configuration list for PBXNativeTarget "StopwatchTimer" */;
			buildPhases = (
				18EAAD21BC94CB0B492A4EC2 /* [CP] Check Pods Manifest.lock */,
				34897E6527A1D6C5006F6BDE /* Sources */,
				34897E6627A1D6C5006F6BDE /* Frameworks */,
				34897E6727A1D6C5006F6BDE /* Resources */,
				26B1E2A45B3FF4D7510B6EC1 /* [CP] Embed Pods Frameworks */,
			);
			buildRules = (
			);
			dependencies = (
			);
			name = StopwatchTimer;
			productName = StopwatchTimer;
			productReference = 34897E6927A1D6C5006F6BDE /* StopwatchTimer.app */;
			productType = "com.apple.product-type.application";
		};
/* End PBXNativeTarget section */

/* Begin PBXProject section */
		34897E6127A1D6C5006F6BDE /* Project object */ = {
			isa = PBXProject;
			attributes = {
				BuildIndependentTargetsInParallel = 1;
				LastSwiftUpdateCheck = 1310;
				LastUpgradeCheck = 1310;
				TargetAttributes = {
					34897E6827A1D6C5006F6BDE = {
						CreatedOnToolsVersion = 13.1;
					};
				};
			};
			buildConfigurationList = 34897E6427A1D6C5006F6BDE /* Build configuration list for PBXProject "StopwatchTimer" */;
			compatibilityVersion = "Xcode 13.0";
			developmentRegion = en;
			hasScannedForEncodings = 0;
			knownRegions = (
				en,
				Base,
			);
			mainGroup = 34897E6027A1D6C5006F6BDE;
			productRefGroup = 34897E6A27A1D6C5006F6BDE /* Products */;
			projectDirPath = "";
			projectRoot = "";
			targets = (
				34897E6827A1D6C5006F6BDE /* StopwatchTimer */,
			);
		};
/* End PBXProject section */

/* Begin PBXResourcesBuildPhase section */
		34897E6727A1D6C5006F6BDE /* Resources */ = {
			isa = PBXResourcesBuildPhase;
			buildActionMask = 2147483647;
			files = (
				34897E7927A1D6C8006F6BDE /* LaunchScreen.storyboard in Resources */,
				34897E7627A1D6C8006F6BDE /* Assets.xcassets in Resources */,
				34897E7427A1D6C5006F6BDE /* Main.storyboard in Resources */,
			);
			runOnlyForDeploymentPostprocessing = 0;
		};
/* End PBXResourcesBuildPhase section */

/* Begin PBXShellScriptBuildPhase section */
		18EAAD21BC94CB0B492A4EC2 /* [CP] Check Pods Manifest.lock */ = {
			isa = PBXShellScriptBuildPhase;
			buildActionMask = 2147483647;
			files = (
			);
			inputFileListPaths = (
			);
			inputPaths = (
				"${PODS_PODFILE_DIR_PATH}/Podfile.lock",
				"${PODS_ROOT}/Manifest.lock",
			);
			name = "[CP] Check Pods Manifest.lock";
			outputFileListPaths = (
			);
			outputPaths = (
				"$(DERIVED_FILE_DIR)/Pods-StopwatchTimer-checkManifestLockResult.txt",
			);
			runOnlyForDeploymentPostprocessing = 0;
			shellPath = /bin/sh;
			shellScript = "diff \"${PODS_PODFILE_DIR_PATH}/Podfile.lock\" \"${PODS_ROOT}/Manifest.lock\" > /dev/null\nif [ $? != 0 ] ; then\n    # print error to STDERR\n    echo \"error: The sandbox is not in sync with the Podfile.lock. Run 'pod install' or update your CocoaPods installation.\" >&2\n    exit 1\nfi\n# This output is used by Xcode 'outputs' to avoid re-running this script phase.\necho \"SUCCESS\" > \"${SCRIPT_OUTPUT_FILE_0}\"\n";
			showEnvVarsInLog = 0;
		};
		26B1E2A45B3FF4D7510B6EC1 /* [CP] Embed Pods Frameworks */ = {
			isa = PBXShellScriptBuildPhase;
			buildActionMask = 2147483647;
			files = (
			);
			inputFileListPaths = (
				"${PODS_ROOT}/Target Support Files/Pods-StopwatchTimer/Pods-StopwatchTimer-frameworks-${CONFIGURATION}-input-files.xcfilelist",
			);
			name = "[CP] Embed Pods Frameworks";
			outputFileListPaths = (
				"${PODS_ROOT}/Target Support Files/Pods-StopwatchTimer/Pods-StopwatchTimer-frameworks-${CONFIGURATION}-output-files.xcfilelist",
			);
			runOnlyForDeploymentPostprocessing = 0;
			shellPath = /bin/sh;
			shellScript = "\"${PODS_ROOT}/Target Support Files/Pods-StopwatchTimer/Pods-StopwatchTimer-frameworks.sh\"\n";
			showEnvVarsInLog = 0;
		};
/* End PBXShellScriptBuildPhase section */

/* Begin PBXSourcesBuildPhase section */
		34897E6527A1D6C5006F6BDE /* Sources */ = {
			isa = PBXSourcesBuildPhase;
			buildActionMask = 2147483647;
			files = (
				34897E7127A1D6C5006F6BDE /* ViewController.swift in Sources */,
				34897E6D27A1D6C5006F6BDE /* AppDelegate.swift in Sources */,
				34897E6F27A1D6C5006F6BDE /* SceneDelegate.swift in Sources */,
			);
			runOnlyForDeploymentPostprocessing = 0;
		};
/* End PBXSourcesBuildPhase section */

/* Begin PBXVariantGroup section */
		34897E7227A1D6C5006F6BDE /* Main.storyboard */ = {
			isa = PBXVariantGroup;
			children = (
				34897E7327A1D6C5006F6BDE /* Base */,
			);
			name = Main.storyboard;
			sourceTree = "<group>";
		};
		34897E7727A1D6C8006F6BDE /* LaunchScreen.storyboard */ = {
			isa = PBXVariantGroup;
			children = (
				34897E7827A1D6C8006F6BDE /* Base */,
			);
			name = LaunchScreen.storyboard;
			sourceTree = "<group>";
		};
/* End PBXVariantGroup section */

/* Begin XCBuildConfiguration section */
		34897E7B27A1D6C8006F6BDE /* Debug */ = {
			isa = XCBuildConfiguration;
			buildSettings = {
				ALWAYS_SEARCH_USER_PATHS = NO;
				CLANG_ANALYZER_NONNULL = YES;
				CLANG_ANALYZER_NUMBER_OBJECT_CONVERSION = YES_AGGRESSIVE;
				CLANG_CXX_LANGUAGE_STANDARD = "gnu++17";
				CLANG_CXX_LIBRARY = "libc++";
				CLANG_ENABLE_MODULES = YES;
				CLANG_ENABLE_OBJC_ARC = YES;
				CLANG_ENABLE_OBJC_WEAK = YES;
				CLANG_WARN_BLOCK_CAPTURE_AUTORELEASING = YES;
				CLANG_WARN_BOOL_CONVERSION = YES;
				CLANG_WARN_COMMA = YES;
				CLANG_WARN_CONSTANT_CONVERSION = YES;
				CLANG_WARN_DEPRECATED_OBJC_IMPLEMENTATIONS = YES;
				CLANG_WARN_DIRECT_OBJC_ISA_USAGE = YES_ERROR;
				CLANG_WARN_DOCUMENTATION_COMMENTS = YES;
				CLANG_WARN_EMPTY_BODY = YES;
				CLANG_WARN_ENUM_CONVERSION = YES;
				CLANG_WARN_INFINITE_RECURSION = YES;
				CLANG_WARN_INT_CONVERSION = YES;
				CLANG_WARN_NON_LITERAL_NULL_CONVERSION = YES;
				CLANG_WARN_OBJC_IMPLICIT_RETAIN_SELF = YES;
				CLANG_WARN_OBJC_LITERAL_CONVERSION = YES;
				CLANG_WARN_OBJC_ROOT_CLASS = YES_ERROR;
				CLANG_WARN_QUOTED_INCLUDE_IN_FRAMEWORK_HEADER = YES;
				CLANG_WARN_RANGE_LOOP_ANALYSIS = YES;
				CLANG_WARN_STRICT_PROTOTYPES = YES;
				CLANG_WARN_SUSPICIOUS_MOVE = YES;
				CLANG_WARN_UNGUARDED_AVAILABILITY = YES_AGGRESSIVE;
				CLANG_WARN_UNREACHABLE_CODE = YES;
				CLANG_WARN__DUPLICATE_METHOD_MATCH = YES;
				COPY_PHASE_STRIP = NO;
				DEBUG_INFORMATION_FORMAT = dwarf;
				ENABLE_STRICT_OBJC_MSGSEND = YES;
				ENABLE_TESTABILITY = YES;
				GCC_C_LANGUAGE_STANDARD = gnu11;
				GCC_DYNAMIC_NO_PIC = NO;
				GCC_NO_COMMON_BLOCKS = YES;
				GCC_OPTIMIZATION_LEVEL = 0;
				GCC_PREPROCESSOR_DEFINITIONS = (
					"DEBUG=1",
					"$(inherited)",
				);
				GCC_WARN_64_TO_32_BIT_CONVERSION = YES;
				GCC_WARN_ABOUT_RETURN_TYPE = YES_ERROR;
				GCC_WARN_UNDECLARED_SELECTOR = YES;
				GCC_WARN_UNINITIALIZED_AUTOS = YES_AGGRESSIVE;
				GCC_WARN_UNUSED_FUNCTION = YES;
				GCC_WARN_UNUSED_VARIABLE = YES;
				IPHONEOS_DEPLOYMENT_TARGET = 15.0;
				MTL_ENABLE_DEBUG_INFO = INCLUDE_SOURCE;
				MTL_FAST_MATH = YES;
				ONLY_ACTIVE_ARCH = YES;
				SDKROOT = iphoneos;
				SWIFT_ACTIVE_COMPILATION_CONDITIONS = DEBUG;
				SWIFT_OPTIMIZATION_LEVEL = "-Onone";
			};
			name = Debug;
		};
		34897E7C27A1D6C8006F6BDE /* Release */ = {
			isa = XCBuildConfiguration;
			buildSettings = {
				ALWAYS_SEARCH_USER_PATHS = NO;
				CLANG_ANALYZER_NONNULL = YES;
				CLANG_ANALYZER_NUMBER_OBJECT_CONVERSION = YES_AGGRESSIVE;
				CLANG_CXX_LANGUAGE_STANDARD = "gnu++17";
				CLANG_CXX_LIBRARY = "libc++";
				CLANG_ENABLE_MODULES = YES;
				CLANG_ENABLE_OBJC_ARC = YES;
				CLANG_ENABLE_OBJC_WEAK = YES;
				CLANG_WARN_BLOCK_CAPTURE_AUTORELEASING = YES;
				CLANG_WARN_BOOL_CONVERSION = YES;
				CLANG_WARN_COMMA = YES;
				CLANG_WARN_CONSTANT_CONVERSION = YES;
				CLANG_WARN_DEPRECATED_OBJC_IMPLEMENTATIONS = YES;
				CLANG_WARN_DIRECT_OBJC_ISA_USAGE = YES_ERROR;
				CLANG_WARN_DOCUMENTATION_COMMENTS = YES;
				CLANG_WARN_EMPTY_BODY = YES;
				CLANG_WARN_ENUM_CONVERSION = YES;
				CLANG_WARN_INFINITE_RECURSION = YES;
				CLANG_WARN_INT_CONVERSION = YES;
				CLANG_WARN_NON_LITERAL_NULL_CONVERSION = YES;
				CLANG_WARN_OBJC_IMPLICIT_RETAIN_SELF = YES;
				CLANG_WARN_OBJC_LITERAL_CONVERSION = YES;
				CLANG_WARN_OBJC_ROOT_CLASS = YES_ERROR;
				CLANG_WARN_QUOTED_INCLUDE_IN_FRAMEWORK_HEADER = YES;
				CLANG_WARN_RANGE_LOOP_ANALYSIS = YES;
				CLANG_WARN_STRICT_PROTOTYPES = YES;
				CLANG_WARN_SUSPICIOUS_MOVE = YES;
				CLANG_WARN_UNGUARDED_AVAILABILITY = YES_AGGRESSIVE;
				CLANG_WARN_UNREACHABLE_CODE = YES;
				CLANG_WARN__DUPLICATE_METHOD_MATCH = YES;
				COPY_PHASE_STRIP = NO;
				DEBUG_INFORMATION_FORMAT = "dwarf-with-dsym";
				ENABLE_NS_ASSERTIONS = NO;
				ENABLE_STRICT_OBJC_MSGSEND = YES;
				GCC_C_LANGUAGE_STANDARD = gnu11;
				GCC_NO_COMMON_BLOCKS = YES;
				GCC_WARN_64_TO_32_BIT_CONVERSION = YES;
				GCC_WARN_ABOUT_RETURN_TYPE = YES_ERROR;
				GCC_WARN_UNDECLARED_SELECTOR = YES;
				GCC_WARN_UNINITIALIZED_AUTOS = YES_AGGRESSIVE;
				GCC_WARN_UNUSED_FUNCTION = YES;
				GCC_WARN_UNUSED_VARIABLE = YES;
				IPHONEOS_DEPLOYMENT_TARGET = 15.0;
				MTL_ENABLE_DEBUG_INFO = NO;
				MTL_FAST_MATH = YES;
				SDKROOT = iphoneos;
				SWIFT_COMPILATION_MODE = wholemodule;
				SWIFT_OPTIMIZATION_LEVEL = "-O";
				VALIDATE_PRODUCT = YES;
			};
			name = Release;
		};
		34897E7E27A1D6C8006F6BDE /* Debug */ = {
			isa = XCBuildConfiguration;
			baseConfigurationReference = F7F30693D9CEF6E86F13D65D /* Pods-StopwatchTimer.debug.xcconfig */;
			buildSettings = {
				ASSETCATALOG_COMPILER_APPICON_NAME = AppIcon;
				ASSETCATALOG_COMPILER_GLOBAL_ACCENT_COLOR_NAME = AccentColor;
				CODE_SIGN_STYLE = Automatic;
				CURRENT_PROJECT_VERSION = 1;
				DEVELOPMENT_TEAM = 8244FLRS75;
				GENERATE_INFOPLIST_FILE = YES;
				INFOPLIST_FILE = StopwatchTimer/Info.plist;
				INFOPLIST_KEY_UIApplicationSupportsIndirectInputEvents = YES;
				INFOPLIST_KEY_UILaunchStoryboardName = LaunchScreen;
				INFOPLIST_KEY_UIMainStoryboardFile = Main;
				INFOPLIST_KEY_UISupportedInterfaceOrientations_iPad = "UIInterfaceOrientationPortrait UIInterfaceOrientationPortraitUpsideDown UIInterfaceOrientationLandscapeLeft UIInterfaceOrientationLandscapeRight";
				INFOPLIST_KEY_UISupportedInterfaceOrientations_iPhone = "UIInterfaceOrientationPortrait UIInterfaceOrientationLandscapeLeft UIInterfaceOrientationLandscapeRight";
				LD_RUNPATH_SEARCH_PATHS = (
					"$(inherited)",
					"@executable_path/Frameworks",
				);
				MARKETING_VERSION = 1.0;
				PRODUCT_BUNDLE_IDENTIFIER = come.aselZhumalieva.StopwatchTimer;
				PRODUCT_NAME = "$(TARGET_NAME)";
				SWIFT_EMIT_LOC_STRINGS = YES;
				SWIFT_VERSION = 5.0;
				TARGETED_DEVICE_FAMILY = "1,2";
			};
			name = Debug;
		};
		34897E7F27A1D6C8006F6BDE /* Release */ = {
			isa = XCBuildConfiguration;
			baseConfigurationReference = D96804C8695700AD287887E2 /* Pods-StopwatchTimer.release.xcconfig */;
			buildSettings = {
				ASSETCATALOG_COMPILER_APPICON_NAME = AppIcon;
				ASSETCATALOG_COMPILER_GLOBAL_ACCENT_COLOR_NAME = AccentColor;
				CODE_SIGN_STYLE = Automatic;
				CURRENT_PROJECT_VERSION = 1;
				DEVELOPMENT_TEAM = 8244FLRS75;
				GENERATE_INFOPLIST_FILE = YES;
				INFOPLIST_FILE = StopwatchTimer/Info.plist;
				INFOPLIST_KEY_UIApplicationSupportsIndirectInputEvents = YES;
				INFOPLIST_KEY_UILaunchStoryboardName = LaunchScreen;
				INFOPLIST_KEY_UIMainStoryboardFile = Main;
				INFOPLIST_KEY_UISupportedInterfaceOrientations_iPad = "UIInterfaceOrientationPortrait UIInterfaceOrientationPortraitUpsideDown UIInterfaceOrientationLandscapeLeft UIInterfaceOrientationLandscapeRight";
				INFOPLIST_KEY_UISupportedInterfaceOrientations_iPhone = "UIInterfaceOrientationPortrait UIInterfaceOrientationLandscapeLeft UIInterfaceOrientationLandscapeRight";
				LD_RUNPATH_SEARCH_PATHS = (
					"$(inherited)",
					"@executable_path/Frameworks",
				);
				MARKETING_VERSION = 1.0;
				PRODUCT_BUNDLE_IDENTIFIER = come.aselZhumalieva.StopwatchTimer;
				PRODUCT_NAME = "$(TARGET_NAME)";
				SWIFT_EMIT_LOC_STRINGS = YES;
				SWIFT_VERSION = 5.0;
				TARGETED_DEVICE_FAMILY = "1,2";
			};
			name = Release;
		};
/* End XCBuildConfiguration section */

/* Begin XCConfigurationList section */
		34897E6427A1D6C5006F6BDE /* Build configuration list for PBXProject "StopwatchTimer" */ = {
			isa = XCConfigurationList;
			buildConfigurations = (
				34897E7B27A1D6C8006F6BDE /* Debug */,
				34897E7C27A1D6C8006F6BDE /* Release */,
			);
			defaultConfigurationIsVisible = 0;
			defaultConfigurationName = Release;
		};
		34897E7D27A1D6C8006F6BDE /* Build configuration list for PBXNativeTarget "StopwatchTimer" */ = {
			isa = XCConfigurationList;
			buildConfigurations = (
				34897E7E27A1D6C8006F6BDE /* Debug */,
				34897E7F27A1D6C8006F6BDE /* Release */,
			);
			defaultConfigurationIsVisible = 0;
			defaultConfigurationName = Release;
		};
/* End XCConfigurationList section */
	};
	rootObject = 34897E6127A1D6C5006F6BDE /* Project object */;
}
